
Microsoft Visual Studio Solution File, Format Version 12.00
# Visual Studio Version 17
VisualStudioVersion = 17.9.34622.214
MinimumVisualStudioVersion = 10.0.40219.1
Project("{9A19103F-16F7-4668-BE54-9A1E7A4F7556}") = "ZvitPlus.DAL", "ZvitPlus.DAL\ZvitPlus.DAL.csproj", "{A23C6AFD-F7D1-498D-907B-7B7525D63311}"
EndProject
Project("{9A19103F-16F7-4668-BE54-9A1E7A4F7556}") = "ZvitPlus.BLL", "ZvitPlus.BLL\ZvitPlus.BLL.csproj", "{80CC99FB-4566-405A-A73C-A4FB6D406F86}"
EndProject
Project("{9A19103F-16F7-4668-BE54-9A1E7A4F7556}") = "ZvitPlus.API", "ZvitPlus.API\ZvitPlus.API.csproj", "{1B4C3573-5307-4F69-912C-3A1FE649187A}"
	ProjectSection(ProjectDependencies) = postProject
		{80CC99FB-4566-405A-A73C-A4FB6D406F86} = {80CC99FB-4566-405A-A73C-A4FB6D406F86}
		{A23C6AFD-F7D1-498D-907B-7B7525D63311} = {A23C6AFD-F7D1-498D-907B-7B7525D63311}
	EndProjectSection
EndProject
Global
	GlobalSection(SolutionConfigurationPlatforms) = preSolution
		Debug|Any CPU = Debug|Any CPU
		Release|Any CPU = Release|Any CPU
	EndGlobalSection
	GlobalSection(ProjectConfigurationPlatforms) = postSolution
		{A23C6AFD-F7D1-498D-907B-7B7525D63311}.Debug|Any CPU.ActiveCfg = Debug|Any CPU
		{A23C6AFD-F7D1-498D-907B-7B7525D63311}.Debug|Any CPU.Build.0 = Debug|Any CPU
		{A23C6AFD-F7D1-498D-907B-7B7525D63311}.Release|Any CPU.ActiveCfg = Release|Any CPU
		{A23C6AFD-F7D1-498D-907B-7B7525D63311}.Release|Any CPU.Build.0 = Release|Any CPU
		{80CC99FB-4566-405A-A73C-A4FB6D406F86}.Debug|Any CPU.ActiveCfg = Debug|Any CPU
		{80CC99FB-4566-405A-A73C-A4FB6D406F86}.Debug|Any CPU.Build.0 = Debug|Any CPU
		{80CC99FB-4566-405A-A73C-A4FB6D406F86}.Release|Any CPU.ActiveCfg = Release|Any CPU
		{80CC99FB-4566-405A-A73C-A4FB6D406F86}.Release|Any CPU.Build.0 = Release|Any CPU
		{1B4C3573-5307-4F69-912C-3A1FE649187A}.Debug|Any CPU.ActiveCfg = Debug|Any CPU
		{1B4C3573-5307-4F69-912C-3A1FE649187A}.Debug|Any CPU.Build.0 = Debug|Any CPU
		{1B4C3573-5307-4F69-912C-3A1FE649187A}.Release|Any CPU.ActiveCfg = Release|Any CPU
		{1B4C3573-5307-4F69-912C-3A1FE649187A}.Release|Any CPU.Build.0 = Release|Any CPU
	EndGlobalSection
	GlobalSection(SolutionProperties) = preSolution
		HideSolutionNode = FALSE
	EndGlobalSection
	GlobalSection(ExtensibilityGlobals) = postSolution
		SolutionGuid = {669B640D-B81F-40C4-80F7-A57DDBA4A514}
	EndGlobalSection
EndGlobal
